
Microsoft Visual Studio Solution File, Format Version 12.00
# Visual Studio Version 16
VisualStudioVersion = 16.0.30225.117
MinimumVisualStudioVersion = 10.0.40219.1
Project("{FAE04EC0-301F-11D3-BF4B-00C04F79EFBC}") = "POS Terminal", "POS Terminal\POS Terminal.csproj", "{E9B8C4C4-2147-41E7-8D54-F5ACC3200F34}"
EndProject
Project("{FAE04EC0-301F-11D3-BF4B-00C04F79EFBC}") = "POS Terminal.TEST", "POS Terminal.TEST\POS Terminal.TEST.csproj", "{0675991E-321D-49A6-89BF-05F519B2B7E1}"
EndProject
Global
	GlobalSection(SolutionConfigurationPlatforms) = preSolution
		Debug|Any CPU = Debug|Any CPU
		Release|Any CPU = Release|Any CPU
	EndGlobalSection
	GlobalSection(ProjectConfigurationPlatforms) = postSolution
		{E9B8C4C4-2147-41E7-8D54-F5ACC3200F34}.Debug|Any CPU.ActiveCfg = Debug|Any CPU
		{E9B8C4C4-2147-41E7-8D54-F5ACC3200F34}.Debug|Any CPU.Build.0 = Debug|Any CPU
		{E9B8C4C4-2147-41E7-8D54-F5ACC3200F34}.Release|Any CPU.ActiveCfg = Release|Any CPU
		{E9B8C4C4-2147-41E7-8D54-F5ACC3200F34}.Release|Any CPU.Build.0 = Release|Any CPU
		{0675991E-321D-49A6-89BF-05F519B2B7E1}.Debug|Any CPU.ActiveCfg = Debug|Any CPU
		{0675991E-321D-49A6-89BF-05F519B2B7E1}.Debug|Any CPU.Build.0 = Debug|Any CPU
		{0675991E-321D-49A6-89BF-05F519B2B7E1}.Release|Any CPU.ActiveCfg = Release|Any CPU
		{0675991E-321D-49A6-89BF-05F519B2B7E1}.Release|Any CPU.Build.0 = Release|Any CPU
	EndGlobalSection
	GlobalSection(SolutionProperties) = preSolution
		HideSolutionNode = FALSE
	EndGlobalSection
	GlobalSection(ExtensibilityGlobals) = postSolution
		SolutionGuid = {A47F35C2-F89F-4286-AD4D-212E6C47DC6E}
	EndGlobalSection
EndGlobal
